
Microsoft Visual Studio Solution File, Format Version 12.00
# Visual Studio 15
VisualStudioVersion = 15.0.28307.572
MinimumVisualStudioVersion = 10.0.40219.1
Project("{FAE04EC0-301F-11D3-BF4B-00C04F79EFBC}") = "ProgramacionNCapas", "ProgramacionNCapas\ProgramacionNCapas.csproj", "{653B8529-94A6-404A-A767-0086A0315CBA}"
EndProject
Global
	GlobalSection(SolutionConfigurationPlatforms) = preSolution
		Debug|Any CPU = Debug|Any CPU
		Release|Any CPU = Release|Any CPU
	EndGlobalSection
	GlobalSection(ProjectConfigurationPlatforms) = postSolution
		{653B8529-94A6-404A-A767-0086A0315CBA}.Debug|Any CPU.ActiveCfg = Debug|Any CPU
		{653B8529-94A6-404A-A767-0086A0315CBA}.Debug|Any CPU.Build.0 = Debug|Any CPU
		{653B8529-94A6-404A-A767-0086A0315CBA}.Release|Any CPU.ActiveCfg = Release|Any CPU
		{653B8529-94A6-404A-A767-0086A0315CBA}.Release|Any CPU.Build.0 = Release|Any CPU
	EndGlobalSection
	GlobalSection(SolutionProperties) = preSolution
		HideSolutionNode = FALSE
	EndGlobalSection
	GlobalSection(ExtensibilityGlobals) = postSolution
		SolutionGuid = {8F8FFF99-9FF5-4D4F-B03D-ACF9317AAF62}
	EndGlobalSection
EndGlobal
